
Microsoft Visual Studio Solution File, Format Version 12.00
# Visual Studio Version 16
VisualStudioVersion = 16.0.29326.143
MinimumVisualStudioVersion = 10.0.40219.1
Project("{FAE04EC0-301F-11D3-BF4B-00C04F79EFBC}") = "AplicacaoCode64", "AplicacaoCode64\AplicacaoCode64.csproj", "{2AA8FD08-6F5E-49B9-BD66-59801DE50476}"
EndProject
Project("{FAE04EC0-301F-11D3-BF4B-00C04F79EFBC}") = "Cadastros", "Cadastros\Cadastros.csproj", "{D4861ED7-7D97-4EDD-A953-B415813F3091}"
EndProject
Global
	GlobalSection(SolutionConfigurationPlatforms) = preSolution
		Debug|Any CPU = Debug|Any CPU
		Release|Any CPU = Release|Any CPU
	EndGlobalSection
	GlobalSection(ProjectConfigurationPlatforms) = postSolution
		{2AA8FD08-6F5E-49B9-BD66-59801DE50476}.Debug|Any CPU.ActiveCfg = Debug|Any CPU
		{2AA8FD08-6F5E-49B9-BD66-59801DE50476}.Debug|Any CPU.Build.0 = Debug|Any CPU
		{2AA8FD08-6F5E-49B9-BD66-59801DE50476}.Release|Any CPU.ActiveCfg = Release|Any CPU
		{2AA8FD08-6F5E-49B9-BD66-59801DE50476}.Release|Any CPU.Build.0 = Release|Any CPU
		{D4861ED7-7D97-4EDD-A953-B415813F3091}.Debug|Any CPU.ActiveCfg = Debug|Any CPU
		{D4861ED7-7D97-4EDD-A953-B415813F3091}.Debug|Any CPU.Build.0 = Debug|Any CPU
		{D4861ED7-7D97-4EDD-A953-B415813F3091}.Release|Any CPU.ActiveCfg = Release|Any CPU
		{D4861ED7-7D97-4EDD-A953-B415813F3091}.Release|Any CPU.Build.0 = Release|Any CPU
	EndGlobalSection
	GlobalSection(SolutionProperties) = preSolution
		HideSolutionNode = FALSE
	EndGlobalSection
	GlobalSection(ExtensibilityGlobals) = postSolution
		SolutionGuid = {CBB55D57-CC7A-432C-9D1F-BE664EF1C22E}
	EndGlobalSection
EndGlobal
